
Microsoft Visual Studio Solution File, Format Version 12.00
# Visual Studio 15
VisualStudioVersion = 15.0.27130.2027
MinimumVisualStudioVersion = 10.0.40219.1
Project("{FAE04EC0-301F-11D3-BF4B-00C04F79EFBC}") = "Bluetooth", "Bluetooth\Bluetooth.csproj", "{D9C87A6A-6975-4E33-8B27-F8D8FC410E27}"
EndProject
Project("{FAE04EC0-301F-11D3-BF4B-00C04F79EFBC}") = "TestDemo", "TestDemo\TestDemo.csproj", "{88D88FA1-B7E4-48A8-91D4-D1687C5FA621}"
EndProject
Project("{FAE04EC0-301F-11D3-BF4B-00C04F79EFBC}") = "BeginUse", "BeginUse\BeginUse.csproj", "{459D6528-DBD4-427C-ABD8-777207367B81}"
EndProject
Project("{FAE04EC0-301F-11D3-BF4B-00C04F79EFBC}") = "TextBox", "TextBox\TextBox.csproj", "{D07D0E2F-E5D9-42F2-A95F-BC27A3FB959C}"
EndProject
Global
	GlobalSection(SolutionConfigurationPlatforms) = preSolution
		Debug|ARM = Debug|ARM
		Debug|x64 = Debug|x64
		Debug|x86 = Debug|x86
		Release|ARM = Release|ARM
		Release|x64 = Release|x64
		Release|x86 = Release|x86
	EndGlobalSection
	GlobalSection(ProjectConfigurationPlatforms) = postSolution
		{D9C87A6A-6975-4E33-8B27-F8D8FC410E27}.Debug|ARM.ActiveCfg = Debug|ARM
		{D9C87A6A-6975-4E33-8B27-F8D8FC410E27}.Debug|ARM.Build.0 = Debug|ARM
		{D9C87A6A-6975-4E33-8B27-F8D8FC410E27}.Debug|ARM.Deploy.0 = Debug|ARM
		{D9C87A6A-6975-4E33-8B27-F8D8FC410E27}.Debug|x64.ActiveCfg = Debug|x64
		{D9C87A6A-6975-4E33-8B27-F8D8FC410E27}.Debug|x64.Build.0 = Debug|x64
		{D9C87A6A-6975-4E33-8B27-F8D8FC410E27}.Debug|x64.Deploy.0 = Debug|x64
		{D9C87A6A-6975-4E33-8B27-F8D8FC410E27}.Debug|x86.ActiveCfg = Debug|x86
		{D9C87A6A-6975-4E33-8B27-F8D8FC410E27}.Debug|x86.Build.0 = Debug|x86
		{D9C87A6A-6975-4E33-8B27-F8D8FC410E27}.Debug|x86.Deploy.0 = Debug|x86
		{D9C87A6A-6975-4E33-8B27-F8D8FC410E27}.Release|ARM.ActiveCfg = Release|ARM
		{D9C87A6A-6975-4E33-8B27-F8D8FC410E27}.Release|ARM.Build.0 = Release|ARM
		{D9C87A6A-6975-4E33-8B27-F8D8FC410E27}.Release|ARM.Deploy.0 = Release|ARM
		{D9C87A6A-6975-4E33-8B27-F8D8FC410E27}.Release|x64.ActiveCfg = Release|x64
		{D9C87A6A-6975-4E33-8B27-F8D8FC410E27}.Release|x64.Build.0 = Release|x64
		{D9C87A6A-6975-4E33-8B27-F8D8FC410E27}.Release|x64.Deploy.0 = Release|x64
		{D9C87A6A-6975-4E33-8B27-F8D8FC410E27}.Release|x86.ActiveCfg = Release|x86
		{D9C87A6A-6975-4E33-8B27-F8D8FC410E27}.Release|x86.Build.0 = Release|x86
		{D9C87A6A-6975-4E33-8B27-F8D8FC410E27}.Release|x86.Deploy.0 = Release|x86
		{88D88FA1-B7E4-48A8-91D4-D1687C5FA621}.Debug|ARM.ActiveCfg = Debug|ARM
		{88D88FA1-B7E4-48A8-91D4-D1687C5FA621}.Debug|ARM.Build.0 = Debug|ARM
		{88D88FA1-B7E4-48A8-91D4-D1687C5FA621}.Debug|ARM.Deploy.0 = Debug|ARM
		{88D88FA1-B7E4-48A8-91D4-D1687C5FA621}.Debug|x64.ActiveCfg = Debug|x64
		{88D88FA1-B7E4-48A8-91D4-D1687C5FA621}.Debug|x64.Build.0 = Debug|x64
		{88D88FA1-B7E4-48A8-91D4-D1687C5FA621}.Debug|x64.Deploy.0 = Debug|x64
		{88D88FA1-B7E4-48A8-91D4-D1687C5FA621}.Debug|x86.ActiveCfg = Debug|x86
		{88D88FA1-B7E4-48A8-91D4-D1687C5FA621}.Debug|x86.Build.0 = Debug|x86
		{88D88FA1-B7E4-48A8-91D4-D1687C5FA621}.Debug|x86.Deploy.0 = Debug|x86
		{88D88FA1-B7E4-48A8-91D4-D1687C5FA621}.Release|ARM.ActiveCfg = Release|ARM
		{88D88FA1-B7E4-48A8-91D4-D1687C5FA621}.Release|ARM.Build.0 = Release|ARM
		{88D88FA1-B7E4-48A8-91D4-D1687C5FA621}.Release|ARM.Deploy.0 = Release|ARM
		{88D88FA1-B7E4-48A8-91D4-D1687C5FA621}.Release|x64.ActiveCfg = Release|x64
		{88D88FA1-B7E4-48A8-91D4-D1687C5FA621}.Release|x64.Build.0 = Release|x64
		{88D88FA1-B7E4-48A8-91D4-D1687C5FA621}.Release|x64.Deploy.0 = Release|x64
		{88D88FA1-B7E4-48A8-91D4-D1687C5FA621}.Release|x86.ActiveCfg = Release|x86
		{88D88FA1-B7E4-48A8-91D4-D1687C5FA621}.Release|x86.Build.0 = Release|x86
		{88D88FA1-B7E4-48A8-91D4-D1687C5FA621}.Release|x86.Deploy.0 = Release|x86
		{459D6528-DBD4-427C-ABD8-777207367B81}.Debug|ARM.ActiveCfg = Debug|ARM
		{459D6528-DBD4-427C-ABD8-777207367B81}.Debug|ARM.Build.0 = Debug|ARM
		{459D6528-DBD4-427C-ABD8-777207367B81}.Debug|ARM.Deploy.0 = Debug|ARM
		{459D6528-DBD4-427C-ABD8-777207367B81}.Debug|x64.ActiveCfg = Debug|x64
		{459D6528-DBD4-427C-ABD8-777207367B81}.Debug|x64.Build.0 = Debug|x64
		{459D6528-DBD4-427C-ABD8-777207367B81}.Debug|x64.Deploy.0 = Debug|x64
		{459D6528-DBD4-427C-ABD8-777207367B81}.Debug|x86.ActiveCfg = Debug|x86
		{459D6528-DBD4-427C-ABD8-777207367B81}.Debug|x86.Build.0 = Debug|x86
		{459D6528-DBD4-427C-ABD8-777207367B81}.Debug|x86.Deploy.0 = Debug|x86
		{459D6528-DBD4-427C-ABD8-777207367B81}.Release|ARM.ActiveCfg = Release|ARM
		{459D6528-DBD4-427C-ABD8-777207367B81}.Release|ARM.Build.0 = Release|ARM
		{459D6528-DBD4-427C-ABD8-777207367B81}.Release|ARM.Deploy.0 = Release|ARM
		{459D6528-DBD4-427C-ABD8-777207367B81}.Release|x64.ActiveCfg = Release|x64
		{459D6528-DBD4-427C-ABD8-777207367B81}.Release|x64.Build.0 = Release|x64
		{459D6528-DBD4-427C-ABD8-777207367B81}.Release|x64.Deploy.0 = Release|x64
		{459D6528-DBD4-427C-ABD8-777207367B81}.Release|x86.ActiveCfg = Release|x86
		{459D6528-DBD4-427C-ABD8-777207367B81}.Release|x86.Build.0 = Release|x86
		{459D6528-DBD4-427C-ABD8-777207367B81}.Release|x86.Deploy.0 = Release|x86
		{D07D0E2F-E5D9-42F2-A95F-BC27A3FB959C}.Debug|ARM.ActiveCfg = Debug|ARM
		{D07D0E2F-E5D9-42F2-A95F-BC27A3FB959C}.Debug|ARM.Build.0 = Debug|ARM
		{D07D0E2F-E5D9-42F2-A95F-BC27A3FB959C}.Debug|ARM.Deploy.0 = Debug|ARM
		{D07D0E2F-E5D9-42F2-A95F-BC27A3FB959C}.Debug|x64.ActiveCfg = Debug|x64
		{D07D0E2F-E5D9-42F2-A95F-BC27A3FB959C}.Debug|x64.Build.0 = Debug|x64
		{D07D0E2F-E5D9-42F2-A95F-BC27A3FB959C}.Debug|x64.Deploy.0 = Debug|x64
		{D07D0E2F-E5D9-42F2-A95F-BC27A3FB959C}.Debug|x86.ActiveCfg = Debug|x86
		{D07D0E2F-E5D9-42F2-A95F-BC27A3FB959C}.Debug|x86.Build.0 = Debug|x86
		{D07D0E2F-E5D9-42F2-A95F-BC27A3FB959C}.Debug|x86.Deploy.0 = Debug|x86
		{D07D0E2F-E5D9-42F2-A95F-BC27A3FB959C}.Release|ARM.ActiveCfg = Release|ARM
		{D07D0E2F-E5D9-42F2-A95F-BC27A3FB959C}.Release|ARM.Build.0 = Release|ARM
		{D07D0E2F-E5D9-42F2-A95F-BC27A3FB959C}.Release|ARM.Deploy.0 = Release|ARM
		{D07D0E2F-E5D9-42F2-A95F-BC27A3FB959C}.Release|x64.ActiveCfg = Release|x64
		{D07D0E2F-E5D9-42F2-A95F-BC27A3FB959C}.Release|x64.Build.0 = Release|x64
		{D07D0E2F-E5D9-42F2-A95F-BC27A3FB959C}.Release|x64.Deploy.0 = Release|x64
		{D07D0E2F-E5D9-42F2-A95F-BC27A3FB959C}.Release|x86.ActiveCfg = Release|x86
		{D07D0E2F-E5D9-42F2-A95F-BC27A3FB959C}.Release|x86.Build.0 = Release|x86
		{D07D0E2F-E5D9-42F2-A95F-BC27A3FB959C}.Release|x86.Deploy.0 = Release|x86
	EndGlobalSection
	GlobalSection(SolutionProperties) = preSolution
		HideSolutionNode = FALSE
	EndGlobalSection
	GlobalSection(ExtensibilityGlobals) = postSolution
		SolutionGuid = {B1F17431-1D0A-46D5-98D2-C375F279E06F}
	EndGlobalSection
EndGlobal
